
Microsoft Visual Studio Solution File, Format Version 12.00
# Visual Studio Version 17
VisualStudioVersion = 17.2.32630.192
MinimumVisualStudioVersion = 10.0.40219.1
Project("{9A19103F-16F7-4668-BE54-9A1E7A4F7556}") = "Insttantt", "Insttantt\Insttantt.csproj", "{1DAE52E2-0811-4BBA-8054-7563611C218B}"
EndProject
Global
	GlobalSection(SolutionConfigurationPlatforms) = preSolution
		Debug|Any CPU = Debug|Any CPU
		Release|Any CPU = Release|Any CPU
	EndGlobalSection
	GlobalSection(ProjectConfigurationPlatforms) = postSolution
		{1DAE52E2-0811-4BBA-8054-7563611C218B}.Debug|Any CPU.ActiveCfg = Debug|Any CPU
		{1DAE52E2-0811-4BBA-8054-7563611C218B}.Debug|Any CPU.Build.0 = Debug|Any CPU
		{1DAE52E2-0811-4BBA-8054-7563611C218B}.Release|Any CPU.ActiveCfg = Release|Any CPU
		{1DAE52E2-0811-4BBA-8054-7563611C218B}.Release|Any CPU.Build.0 = Release|Any CPU
	EndGlobalSection
	GlobalSection(SolutionProperties) = preSolution
		HideSolutionNode = FALSE
	EndGlobalSection
	GlobalSection(ExtensibilityGlobals) = postSolution
		SolutionGuid = {4B6DD165-E8F0-46CA-8283-1874560FB641}
	EndGlobalSection
EndGlobal
